
Microsoft Visual Studio Solution File, Format Version 12.00
# Visual Studio Version 16
VisualStudioVersion = 25.0.1706.8
MinimumVisualStudioVersion = 10.0.40219.1
Project("{FAE04EC0-301F-11D3-BF4B-00C04F79EFBC}") = "AzureFunctions", "AzureFunctions.csproj", "{0590B296-36BC-4F40-A258-01D6A319775F}"
EndProject
Project("{FAE04EC0-301F-11D3-BF4B-00C04F79EFBC}") = "AzureFunctions.Tests", "..\AzureFunctions.Tests\AzureFunctions.Tests.csproj", "{AF162D15-24C3-4DB1-AB50-A1108BF60CF8}"
EndProject
Global
	GlobalSection(SolutionConfigurationPlatforms) = preSolution
		Debug|Any CPU = Debug|Any CPU
		Release|Any CPU = Release|Any CPU
	EndGlobalSection
	GlobalSection(ProjectConfigurationPlatforms) = postSolution
		{0590B296-36BC-4F40-A258-01D6A319775F}.Debug|Any CPU.ActiveCfg = Debug|Any CPU
		{0590B296-36BC-4F40-A258-01D6A319775F}.Debug|Any CPU.Build.0 = Debug|Any CPU
		{0590B296-36BC-4F40-A258-01D6A319775F}.Release|Any CPU.ActiveCfg = Release|Any CPU
		{0590B296-36BC-4F40-A258-01D6A319775F}.Release|Any CPU.Build.0 = Release|Any CPU
		{AF162D15-24C3-4DB1-AB50-A1108BF60CF8}.Debug|Any CPU.ActiveCfg = Debug|Any CPU
		{AF162D15-24C3-4DB1-AB50-A1108BF60CF8}.Debug|Any CPU.Build.0 = Debug|Any CPU
		{AF162D15-24C3-4DB1-AB50-A1108BF60CF8}.Release|Any CPU.ActiveCfg = Release|Any CPU
		{AF162D15-24C3-4DB1-AB50-A1108BF60CF8}.Release|Any CPU.Build.0 = Release|Any CPU
	EndGlobalSection
	GlobalSection(SolutionProperties) = preSolution
		HideSolutionNode = FALSE
	EndGlobalSection
	GlobalSection(ExtensibilityGlobals) = postSolution
		SolutionGuid = {EB6B6F8C-C495-4E7F-BC61-EA55DA940858}
	EndGlobalSection
EndGlobal
